{
  "object": {
    "pins": [
      {
        "package": "SwiftCursesTerm",
        "repositoryURL": "https://github.com/rderik/SwiftCursesTerm.git",
        "state": {
          "branch": null,
          "revision": "bbad43ec64fef452445a416144af5103eb7d9d0d",
          "version": "0.1.2"
        }
      }
    ]
  },
  "version": 1
}
